// !$*UTF8*$!
{
	archiveVersion = 1;
	classes = {
	};
	objectVersion = 50;
	objects = {

/* Begin PBXBuildFile section */
		AB07CE19259D097B0075B1AB /* AppDelegate.swift in Sources */ = {isa = PBXBuildFile; fileRef = AB07CE18259D097B0075B1AB /* AppDelegate.swift */; };
		AB07CE1B259D097B0075B1AB /* SceneDelegate.swift in Sources */ = {isa = PBXBuildFile; fileRef = AB07CE1A259D097B0075B1AB /* SceneDelegate.swift */; };
		AB07CE1D259D097B0075B1AB /* KeyboardVC.swift in Sources */ = {isa = PBXBuildFile; fileRef = AB07CE1C259D097B0075B1AB /* KeyboardVC.swift */; };
		AB07CE20259D097B0075B1AB /* Main.storyboard in Resources */ = {isa = PBXBuildFile; fileRef = AB07CE1E259D097B0075B1AB /* Main.storyboard */; };
		AB07CE22259D097C0075B1AB /* Assets.xcassets in Resources */ = {isa = PBXBuildFile; fileRef = AB07CE21259D097C0075B1AB /* Assets.xcassets */; };
		AB07CE25259D097C0075B1AB /* LaunchScreen.storyboard in Resources */ = {isa = PBXBuildFile; fileRef = AB07CE23259D097C0075B1AB /* LaunchScreen.storyboard */; };
		AB07CE6025A1AB4F0075B1AB /* Cert_BG.PNG in Resources */ = {isa = PBXBuildFile; fileRef = AB07CE5F25A1AB4F0075B1AB /* Cert_BG.PNG */; };
		AB3CDE2025BF2A5300F6B1CC /* Keyboard.storyboard in Resources */ = {isa = PBXBuildFile; fileRef = AB3CDE1F25BF2A5300F6B1CC /* Keyboard.storyboard */; };
		AB3CDE2425BF2A8000F6B1CC /* CustomKeyboard.xib in Resources */ = {isa = PBXBuildFile; fileRef = AB3CDE2325BF2A8000F6B1CC /* CustomKeyboard.xib */; };
		AB3CDE2A25BF2ACE00F6B1CC /* CustomKeyboard.swift in Sources */ = {isa = PBXBuildFile; fileRef = AB3CDE2925BF2ACE00F6B1CC /* CustomKeyboard.swift */; };
/* End PBXBuildFile section */

/* Begin PBXFileReference section */
		AB07CE15259D097B0075B1AB /* autolayout-prac.app */ = {isa = PBXFileReference; explicitFileType = wrapper.application; includeInIndex = 0; path = "autolayout-prac.app"; sourceTree = BUILT_PRODUCTS_DIR; };
		AB07CE18259D097B0075B1AB /* AppDelegate.swift */ = {isa = PBXFileReference; lastKnownFileType = sourcecode.swift; path = AppDelegate.swift; sourceTree = "<group>"; };
		AB07CE1A259D097B0075B1AB /* SceneDelegate.swift */ = {isa = PBXFileReference; lastKnownFileType = sourcecode.swift; path = SceneDelegate.swift; sourceTree = "<group>"; };
		AB07CE1C259D097B0075B1AB /* KeyboardVC.swift */ = {isa = PBXFileReference; lastKnownFileType = sourcecode.swift; path = KeyboardVC.swift; sourceTree = "<group>"; };
		AB07CE1F259D097B0075B1AB /* Base */ = {isa = PBXFileReference; lastKnownFileType = file.storyboard; name = Base; path = Base.lproj/Main.storyboard; sourceTree = "<group>"; };
		AB07CE21259D097C0075B1AB /* Assets.xcassets */ = {isa = PBXFileReference; lastKnownFileType = folder.assetcatalog; path = Assets.xcassets; sourceTree = "<group>"; };
		AB07CE24259D097C0075B1AB /* Base */ = {isa = PBXFileReference; lastKnownFileType = file.storyboard; name = Base; path = Base.lproj/LaunchScreen.storyboard; sourceTree = "<group>"; };
		AB07CE26259D097C0075B1AB /* Info.plist */ = {isa = PBXFileReference; lastKnownFileType = text.plist.xml; path = Info.plist; sourceTree = "<group>"; };
		AB07CE5F25A1AB4F0075B1AB /* Cert_BG.PNG */ = {isa = PBXFileReference; lastKnownFileType = image.png; name = Cert_BG.PNG; path = "../../../../Downloads/Lecture Image Resource/Cert_BG.PNG"; sourceTree = "<group>"; };
		AB3CDE1F25BF2A5300F6B1CC /* Keyboard.storyboard */ = {isa = PBXFileReference; lastKnownFileType = file.storyboard; path = Keyboard.storyboard; sourceTree = "<group>"; };
		AB3CDE2325BF2A8000F6B1CC /* CustomKeyboard.xib */ = {isa = PBXFileReference; lastKnownFileType = file.xib; path = CustomKeyboard.xib; sourceTree = "<group>"; };
		AB3CDE2925BF2ACE00F6B1CC /* CustomKeyboard.swift */ = {isa = PBXFileReference; lastKnownFileType = sourcecode.swift; path = CustomKeyboard.swift; sourceTree = "<group>"; };
/* End PBXFileReference section */

/* Begin PBXFrameworksBuildPhase section */
		AB07CE12259D097B0075B1AB /* Frameworks */ = {
			isa = PBXFrameworksBuildPhase;
			buildActionMask = 2147483647;
			files = (
			);
			runOnlyForDeploymentPostprocessing = 0;
		};
/* End PBXFrameworksBuildPhase section */

/* Begin PBXGroup section */
		AB07CE0C259D097B0075B1AB = {
			isa = PBXGroup;
			children = (
				AB07CE17259D097B0075B1AB /* autolayout-prac */,
				AB07CE16259D097B0075B1AB /* Products */,
			);
			sourceTree = "<group>";
		};
		AB07CE16259D097B0075B1AB /* Products */ = {
			isa = PBXGroup;
			children = (
				AB07CE15259D097B0075B1AB /* autolayout-prac.app */,
			);
			name = Products;
			sourceTree = "<group>";
		};
		AB07CE17259D097B0075B1AB /* autolayout-prac */ = {
			isa = PBXGroup;
			children = (
				AB07CE5A25A172910075B1AB /* Source */,
				AB07CE5925A1728A0075B1AB /* Resource */,
				AB07CE18259D097B0075B1AB /* AppDelegate.swift */,
				AB07CE1A259D097B0075B1AB /* SceneDelegate.swift */,
				AB07CE26259D097C0075B1AB /* Info.plist */,
				AB07CE5F25A1AB4F0075B1AB /* Cert_BG.PNG */,
			);
			path = "autolayout-prac";
			sourceTree = "<group>";
		};
		AB07CE5925A1728A0075B1AB /* Resource */ = {
			isa = PBXGroup;
			children = (
				AB07CE21259D097C0075B1AB /* Assets.xcassets */,
				AB07CE5B25A1729A0075B1AB /* Storyboard */,
			);
			path = Resource;
			sourceTree = "<group>";
		};
		AB07CE5A25A172910075B1AB /* Source */ = {
			isa = PBXGroup;
			children = (
				AB3CDE2225BF2A6900F6B1CC /* Xibs */,
				AB07CE5D25A172A90075B1AB /* Cells */,
				AB07CE5C25A172A40075B1AB /* VCs */,
			);
			path = Source;
			sourceTree = "<group>";
		};
		AB07CE5B25A1729A0075B1AB /* Storyboard */ = {
			isa = PBXGroup;
			children = (
				AB07CE23259D097C0075B1AB /* LaunchScreen.storyboard */,
				AB07CE1E259D097B0075B1AB /* Main.storyboard */,
				AB3CDE1F25BF2A5300F6B1CC /* Keyboard.storyboard */,
			);
			path = Storyboard;
			sourceTree = "<group>";
		};
		AB07CE5C25A172A40075B1AB /* VCs */ = {
			isa = PBXGroup;
			children = (
				AB07CE1C259D097B0075B1AB /* KeyboardVC.swift */,
			);
			path = VCs;
			sourceTree = "<group>";
		};
		AB07CE5D25A172A90075B1AB /* Cells */ = {
			isa = PBXGroup;
			children = (
			);
			path = Cells;
			sourceTree = "<group>";
		};
		AB3CDE2225BF2A6900F6B1CC /* Xibs */ = {
			isa = PBXGroup;
			children = (
				AB3CDE2325BF2A8000F6B1CC /* CustomKeyboard.xib */,
				AB3CDE2925BF2ACE00F6B1CC /* CustomKeyboard.swift */,
			);
			path = Xibs;
			sourceTree = "<group>";
		};
/* End PBXGroup section */

/* Begin PBXNativeTarget section */
		AB07CE14259D097B0075B1AB /* autolayout-prac */ = {
			isa = PBXNativeTarget;
			buildConfigurationList = AB07CE29259D097C0075B1AB /* Build configuration list for PBXNativeTarget "autolayout-prac" */;
			buildPhases = (
				AB07CE11259D097B0075B1AB /* Sources */,
				AB07CE12259D097B0075B1AB /* Frameworks */,
				AB07CE13259D097B0075B1AB /* Resources */,
			);
			buildRules = (
			);
			dependencies = (
			);
			name = "autolayout-prac";
			productName = "autolayout-prac";
			productReference = AB07CE15259D097B0075B1AB /* autolayout-prac.app */;
			productType = "com.apple.product-type.application";
		};
/* End PBXNativeTarget section */

/* Begin PBXProject section */
		AB07CE0D259D097B0075B1AB /* Project object */ = {
			isa = PBXProject;
			attributes = {
				LastSwiftUpdateCheck = 1230;
				LastUpgradeCheck = 1230;
				TargetAttributes = {
					AB07CE14259D097B0075B1AB = {
						CreatedOnToolsVersion = 12.3;
					};
				};
			};
			buildConfigurationList = AB07CE10259D097B0075B1AB /* Build configuration list for PBXProject "autolayout-prac" */;
			compatibilityVersion = "Xcode 9.3";
			developmentRegion = en;
			hasScannedForEncodings = 0;
			knownRegions = (
				en,
				Base,
			);
			mainGroup = AB07CE0C259D097B0075B1AB;
			productRefGroup = AB07CE16259D097B0075B1AB /* Products */;
			projectDirPath = "";
			projectRoot = "";
			targets = (
				AB07CE14259D097B0075B1AB /* autolayout-prac */,
			);
		};
/* End PBXProject section */

/* Begin PBXResourcesBuildPhase section */
		AB07CE13259D097B0075B1AB /* Resources */ = {
			isa = PBXResourcesBuildPhase;
			buildActionMask = 2147483647;
			files = (
				AB07CE6025A1AB4F0075B1AB /* Cert_BG.PNG in Resources */,
				AB07CE25259D097C0075B1AB /* LaunchScreen.storyboard in Resources */,
				AB3CDE2025BF2A5300F6B1CC /* Keyboard.storyboard in Resources */,
				AB07CE22259D097C0075B1AB /* Assets.xcassets in Resources */,
				AB07CE20259D097B0075B1AB /* Main.storyboard in Resources */,
				AB3CDE2425BF2A8000F6B1CC /* CustomKeyboard.xib in Resources */,
			);
			runOnlyForDeploymentPostprocessing = 0;
		};
/* End PBXResourcesBuildPhase section */

/* Begin PBXSourcesBuildPhase section */
		AB07CE11259D097B0075B1AB /* Sources */ = {
			isa = PBXSourcesBuildPhase;
			buildActionMask = 2147483647;
			files = (
				AB07CE1D259D097B0075B1AB /* KeyboardVC.swift in Sources */,
				AB07CE19259D097B0075B1AB /* AppDelegate.swift in Sources */,
				AB07CE1B259D097B0075B1AB /* SceneDelegate.swift in Sources */,
				AB3CDE2A25BF2ACE00F6B1CC /* CustomKeyboard.swift in Sources */,
			);
			runOnlyForDeploymentPostprocessing = 0;
		};
/* End PBXSourcesBuildPhase section */

/* Begin PBXVariantGroup section */
		AB07CE1E259D097B0075B1AB /* Main.storyboard */ = {
			isa = PBXVariantGroup;
			children = (
				AB07CE1F259D097B0075B1AB /* Base */,
			);
			name = Main.storyboard;
			sourceTree = "<group>";
		};
		AB07CE23259D097C0075B1AB /* LaunchScreen.storyboard */ = {
			isa = PBXVariantGroup;
			children = (
				AB07CE24259D097C0075B1AB /* Base */,
			);
			name = LaunchScreen.storyboard;
			sourceTree = "<group>";
		};
/* End PBXVariantGroup section */

/* Begin XCBuildConfiguration section */
		AB07CE27259D097C0075B1AB /* Debug */ = {
			isa = XCBuildConfiguration;
			buildSettings = {
				ALWAYS_SEARCH_USER_PATHS = NO;
				CLANG_ANALYZER_NONNULL = YES;
				CLANG_ANALYZER_NUMBER_OBJECT_CONVERSION = YES_AGGRESSIVE;
				CLANG_CXX_LANGUAGE_STANDARD = "gnu++14";
				CLANG_CXX_LIBRARY = "libc++";
				CLANG_ENABLE_MODULES = YES;
				CLANG_ENABLE_OBJC_ARC = YES;
				CLANG_ENABLE_OBJC_WEAK = YES;
				CLANG_WARN_BLOCK_CAPTURE_AUTORELEASING = YES;
				CLANG_WARN_BOOL_CONVERSION = YES;
				CLANG_WARN_COMMA = YES;
				CLANG_WARN_CONSTANT_CONVERSION = YES;
				CLANG_WARN_DEPRECATED_OBJC_IMPLEMENTATIONS = YES;
				CLANG_WARN_DIRECT_OBJC_ISA_USAGE = YES_ERROR;
				CLANG_WARN_DOCUMENTATION_COMMENTS = YES;
				CLANG_WARN_EMPTY_BODY = YES;
				CLANG_WARN_ENUM_CONVERSION = YES;
				CLANG_WARN_INFINITE_RECURSION = YES;
				CLANG_WARN_INT_CONVERSION = YES;
				CLANG_WARN_NON_LITERAL_NULL_CONVERSION = YES;
				CLANG_WARN_OBJC_IMPLICIT_RETAIN_SELF = YES;
				CLANG_WARN_OBJC_LITERAL_CONVERSION = YES;
				CLANG_WARN_OBJC_ROOT_CLASS = YES_ERROR;
				CLANG_WARN_QUOTED_INCLUDE_IN_FRAMEWORK_HEADER = YES;
				CLANG_WARN_RANGE_LOOP_ANALYSIS = YES;
				CLANG_WARN_STRICT_PROTOTYPES = YES;
				CLANG_WARN_SUSPICIOUS_MOVE = YES;
				CLANG_WARN_UNGUARDED_AVAILABILITY = YES_AGGRESSIVE;
				CLANG_WARN_UNREACHABLE_CODE = YES;
				CLANG_WARN__DUPLICATE_METHOD_MATCH = YES;
				COPY_PHASE_STRIP = NO;
				DEBUG_INFORMATION_FORMAT = dwarf;
				ENABLE_STRICT_OBJC_MSGSEND = YES;
				ENABLE_TESTABILITY = YES;
				GCC_C_LANGUAGE_STANDARD = gnu11;
				GCC_DYNAMIC_NO_PIC = NO;
				GCC_NO_COMMON_BLOCKS = YES;
				GCC_OPTIMIZATION_LEVEL = 0;
				GCC_PREPROCESSOR_DEFINITIONS = (
					"DEBUG=1",
					"$(inherited)",
				);
				GCC_WARN_64_TO_32_BIT_CONVERSION = YES;
				GCC_WARN_ABOUT_RETURN_TYPE = YES_ERROR;
				GCC_WARN_UNDECLARED_SELECTOR = YES;
				GCC_WARN_UNINITIALIZED_AUTOS = YES_AGGRESSIVE;
				GCC_WARN_UNUSED_FUNCTION = YES;
				GCC_WARN_UNUSED_VARIABLE = YES;
				IPHONEOS_DEPLOYMENT_TARGET = 14.3;
				MTL_ENABLE_DEBUG_INFO = INCLUDE_SOURCE;
				MTL_FAST_MATH = YES;
				ONLY_ACTIVE_ARCH = YES;
				SDKROOT = iphoneos;
				SWIFT_ACTIVE_COMPILATION_CONDITIONS = DEBUG;
				SWIFT_OPTIMIZATION_LEVEL = "-Onone";
			};
			name = Debug;
		};
		AB07CE28259D097C0075B1AB /* Release */ = {
			isa = XCBuildConfiguration;
			buildSettings = {
				ALWAYS_SEARCH_USER_PATHS = NO;
				CLANG_ANALYZER_NONNULL = YES;
				CLANG_ANALYZER_NUMBER_OBJECT_CONVERSION = YES_AGGRESSIVE;
				CLANG_CXX_LANGUAGE_STANDARD = "gnu++14";
				CLANG_CXX_LIBRARY = "libc++";
				CLANG_ENABLE_MODULES = YES;
				CLANG_ENABLE_OBJC_ARC = YES;
				CLANG_ENABLE_OBJC_WEAK = YES;
				CLANG_WARN_BLOCK_CAPTURE_AUTORELEASING = YES;
				CLANG_WARN_BOOL_CONVERSION = YES;
				CLANG_WARN_COMMA = YES;
				CLANG_WARN_CONSTANT_CONVERSION = YES;
				CLANG_WARN_DEPRECATED_OBJC_IMPLEMENTATIONS = YES;
				CLANG_WARN_DIRECT_OBJC_ISA_USAGE = YES_ERROR;
				CLANG_WARN_DOCUMENTATION_COMMENTS = YES;
				CLANG_WARN_EMPTY_BODY = YES;
				CLANG_WARN_ENUM_CONVERSION = YES;
				CLANG_WARN_INFINITE_RECURSION = YES;
				CLANG_WARN_INT_CONVERSION = YES;
				CLANG_WARN_NON_LITERAL_NULL_CONVERSION = YES;
				CLANG_WARN_OBJC_IMPLICIT_RETAIN_SELF = YES;
				CLANG_WARN_OBJC_LITERAL_CONVERSION = YES;
				CLANG_WARN_OBJC_ROOT_CLASS = YES_ERROR;
				CLANG_WARN_QUOTED_INCLUDE_IN_FRAMEWORK_HEADER = YES;
				CLANG_WARN_RANGE_LOOP_ANALYSIS = YES;
				CLANG_WARN_STRICT_PROTOTYPES = YES;
				CLANG_WARN_SUSPICIOUS_MOVE = YES;
				CLANG_WARN_UNGUARDED_AVAILABILITY = YES_AGGRESSIVE;
				CLANG_WARN_UNREACHABLE_CODE = YES;
				CLANG_WARN__DUPLICATE_METHOD_MATCH = YES;
				COPY_PHASE_STRIP = NO;
				DEBUG_INFORMATION_FORMAT = "dwarf-with-dsym";
				ENABLE_NS_ASSERTIONS = NO;
				ENABLE_STRICT_OBJC_MSGSEND = YES;
				GCC_C_LANGUAGE_STANDARD = gnu11;
				GCC_NO_COMMON_BLOCKS = YES;
				GCC_WARN_64_TO_32_BIT_CONVERSION = YES;
				GCC_WARN_ABOUT_RETURN_TYPE = YES_ERROR;
				GCC_WARN_UNDECLARED_SELECTOR = YES;
				GCC_WARN_UNINITIALIZED_AUTOS = YES_AGGRESSIVE;
				GCC_WARN_UNUSED_FUNCTION = YES;
				GCC_WARN_UNUSED_VARIABLE = YES;
				IPHONEOS_DEPLOYMENT_TARGET = 14.3;
				MTL_ENABLE_DEBUG_INFO = NO;
				MTL_FAST_MATH = YES;
				SDKROOT = iphoneos;
				SWIFT_COMPILATION_MODE = wholemodule;
				SWIFT_OPTIMIZATION_LEVEL = "-O";
				VALIDATE_PRODUCT = YES;
			};
			name = Release;
		};
		AB07CE2A259D097C0075B1AB /* Debug */ = {
			isa = XCBuildConfiguration;
			buildSettings = {
				ASSETCATALOG_COMPILER_APPICON_NAME = AppIcon;
				ASSETCATALOG_COMPILER_GLOBAL_ACCENT_COLOR_NAME = AccentColor;
				CODE_SIGN_IDENTITY = "Apple Development";
				CODE_SIGN_STYLE = Automatic;
				DEVELOPMENT_TEAM = G7SD8523Y3;
				INFOPLIST_FILE = "autolayout-prac/Info.plist";
				LD_RUNPATH_SEARCH_PATHS = (
					"$(inherited)",
					"@executable_path/Frameworks",
				);
				PRODUCT_BUNDLE_IDENTIFIER = "inaelee.autolayout-prac";
				PRODUCT_NAME = "$(TARGET_NAME)";
				SWIFT_VERSION = 5.0;
				TARGETED_DEVICE_FAMILY = "1,2";
			};
			name = Debug;
		};
		AB07CE2B259D097C0075B1AB /* Release */ = {
			isa = XCBuildConfiguration;
			buildSettings = {
				ASSETCATALOG_COMPILER_APPICON_NAME = AppIcon;
				ASSETCATALOG_COMPILER_GLOBAL_ACCENT_COLOR_NAME = AccentColor;
				CODE_SIGN_IDENTITY = "Apple Development";
				CODE_SIGN_STYLE = Automatic;
				DEVELOPMENT_TEAM = G7SD8523Y3;
				INFOPLIST_FILE = "autolayout-prac/Info.plist";
				LD_RUNPATH_SEARCH_PATHS = (
					"$(inherited)",
					"@executable_path/Frameworks",
				);
				PRODUCT_BUNDLE_IDENTIFIER = "inaelee.autolayout-prac";
				PRODUCT_NAME = "$(TARGET_NAME)";
				SWIFT_VERSION = 5.0;
				TARGETED_DEVICE_FAMILY = "1,2";
			};
			name = Release;
		};
/* End XCBuildConfiguration section */

/* Begin XCConfigurationList section */
		AB07CE10259D097B0075B1AB /* Build configuration list for PBXProject "autolayout-prac" */ = {
			isa = XCConfigurationList;
			buildConfigurations = (
				AB07CE27259D097C0075B1AB /* Debug */,
				AB07CE28259D097C0075B1AB /* Release */,
			);
			defaultConfigurationIsVisible = 0;
			defaultConfigurationName = Release;
		};
		AB07CE29259D097C0075B1AB /* Build configuration list for PBXNativeTarget "autolayout-prac" */ = {
			isa = XCConfigurationList;
			buildConfigurations = (
				AB07CE2A259D097C0075B1AB /* Debug */,
				AB07CE2B259D097C0075B1AB /* Release */,
			);
			defaultConfigurationIsVisible = 0;
			defaultConfigurationName = Release;
		};
/* End XCConfigurationList section */
	};
	rootObject = AB07CE0D259D097B0075B1AB /* Project object */;
}
